
Microsoft Visual Studio Solution File, Format Version 12.00
# Visual Studio Version 17
VisualStudioVersion = 17.10.35013.160
MinimumVisualStudioVersion = 10.0.40219.1
Project("{9A19103F-16F7-4668-BE54-9A1E7A4F7556}") = "Calculator", "Calculator\calculator\Calculator.csproj", "{49B03ADE-8D79-4E03-8526-E52DF48D7229}"
EndProject
Project("{FAE04EC0-301F-11D3-BF4B-00C04F79EFBC}") = "College", "College\College\College.csproj", "{CAC99038-7FBD-47EE-93AC-8AF08E611D1C}"
EndProject
Project("{FAE04EC0-301F-11D3-BF4B-00C04F79EFBC}") = "College_meneger", "College_meneger\College_meneger.csproj", "{46030BA8-9EDF-4134-8AAB-3C7ABF5AADDC}"
EndProject
Project("{FAE04EC0-301F-11D3-BF4B-00C04F79EFBC}") = "Exercises", "Exercises\Exercises\Exercises.csproj", "{3A5F81B2-95F4-43DC-84F9-93F1C4812B6B}"
EndProject
Project("{FAE04EC0-301F-11D3-BF4B-00C04F79EFBC}") = "Guests_to_Shebaas", "Guests_to_Shebaas\Guests_to_Shebaas\Guests_to_Shebaas.csproj", "{F8696993-E8BE-42C1-AFBA-D30D529D1E0E}"
EndProject
Project("{FAE04EC0-301F-11D3-BF4B-00C04F79EFBC}") = "lerning", "lerning\lerning.csproj", "{F76F9CEA-5FC9-415F-800C-D6A2DF7DB5CE}"
EndProject
Project("{FAE04EC0-301F-11D3-BF4B-00C04F79EFBC}") = "Time_clock", "Time_clock\Time_clock\Time_clock.csproj", "{CDCCB1A3-1CFB-4EF5-B431-F1B0113A5FCD}"
EndProject
Project("{FAE04EC0-301F-11D3-BF4B-00C04F79EFBC}") = "Host_to_Shebaas", "WindowsFormsApp1\Host_to_Shebaas.csproj", "{827F714F-ED44-4465-8E84-D1C3FBB3F83C}"
EndProject
Project("{2150E333-8FDC-42A3-9474-1A3956D46DE8}") = "Lerning", "Lerning", "{ABD47B7B-DF3F-43E4-ACCE-84E4F303D0BE}"
EndProject
Project("{2150E333-8FDC-42A3-9474-1A3956D46DE8}") = "College", "College", "{C22FBA72-A203-492E-A492-FD3C65ADB50C}"
EndProject
Project("{9A19103F-16F7-4668-BE54-9A1E7A4F7556}") = "XML_First_Project", "XML_First_Project\XML_First_Project.csproj", "{312F6B2D-2324-4FA6-90DD-E28C560E1C0D}"
EndProject
Project("{2150E333-8FDC-42A3-9474-1A3956D46DE8}") = "Guests", "Guests", "{6C7CBD35-CCB3-4CEA-8790-73A96F7CF3D5}"
EndProject
Project("{2150E333-8FDC-42A3-9474-1A3956D46DE8}") = "CoffeeMachine", "CoffeeMachine", "{DF6108BD-1C91-4AFB-ABB7-447D2CFB327D}"
EndProject
Project("{FAE04EC0-301F-11D3-BF4B-00C04F79EFBC}") = "CoffeeMachine", "CoffeeMachine\CoffeeMachine.csproj", "{CD06976D-A2F7-414A-9727-03170E1D8DEA}"
EndProject
Project("{9A19103F-16F7-4668-BE54-9A1E7A4F7556}") = "XmlSimpelProject", "XmlSimpelProject\XmlSimpelProject.csproj", "{746DAD50-7835-4AB9-90A5-74571E2D2B88}"
EndProject
Project("{2150E333-8FDC-42A3-9474-1A3956D46DE8}") = "RbanutIDF", "RbanutIDF", "{7EBDE7B9-CF98-4031-80F9-9AE3DD34A0B0}"
EndProject
Project("{FAE04EC0-301F-11D3-BF4B-00C04F79EFBC}") = "Rabanut_IDF", "Rabanut_IDF\Rabanut_IDF.csproj", "{455CE810-97EF-4C2C-BE54-E0DEB326A934}"
EndProject
Global
	GlobalSection(SolutionConfigurationPlatforms) = preSolution
		Debug|Any CPU = Debug|Any CPU
		Release|Any CPU = Release|Any CPU
	EndGlobalSection
	GlobalSection(ProjectConfigurationPlatforms) = postSolution
		{49B03ADE-8D79-4E03-8526-E52DF48D7229}.Debug|Any CPU.ActiveCfg = Debug|Any CPU
		{49B03ADE-8D79-4E03-8526-E52DF48D7229}.Debug|Any CPU.Build.0 = Debug|Any CPU
		{49B03ADE-8D79-4E03-8526-E52DF48D7229}.Release|Any CPU.ActiveCfg = Release|Any CPU
		{49B03ADE-8D79-4E03-8526-E52DF48D7229}.Release|Any CPU.Build.0 = Release|Any CPU
		{CAC99038-7FBD-47EE-93AC-8AF08E611D1C}.Debug|Any CPU.ActiveCfg = Debug|Any CPU
		{CAC99038-7FBD-47EE-93AC-8AF08E611D1C}.Debug|Any CPU.Build.0 = Debug|Any CPU
		{CAC99038-7FBD-47EE-93AC-8AF08E611D1C}.Release|Any CPU.ActiveCfg = Release|Any CPU
		{CAC99038-7FBD-47EE-93AC-8AF08E611D1C}.Release|Any CPU.Build.0 = Release|Any CPU
		{46030BA8-9EDF-4134-8AAB-3C7ABF5AADDC}.Debug|Any CPU.ActiveCfg = Debug|Any CPU
		{46030BA8-9EDF-4134-8AAB-3C7ABF5AADDC}.Debug|Any CPU.Build.0 = Debug|Any CPU
		{46030BA8-9EDF-4134-8AAB-3C7ABF5AADDC}.Release|Any CPU.ActiveCfg = Release|Any CPU
		{46030BA8-9EDF-4134-8AAB-3C7ABF5AADDC}.Release|Any CPU.Build.0 = Release|Any CPU
		{3A5F81B2-95F4-43DC-84F9-93F1C4812B6B}.Debug|Any CPU.ActiveCfg = Debug|Any CPU
		{3A5F81B2-95F4-43DC-84F9-93F1C4812B6B}.Debug|Any CPU.Build.0 = Debug|Any CPU
		{3A5F81B2-95F4-43DC-84F9-93F1C4812B6B}.Release|Any CPU.ActiveCfg = Release|Any CPU
		{3A5F81B2-95F4-43DC-84F9-93F1C4812B6B}.Release|Any CPU.Build.0 = Release|Any CPU
		{F8696993-E8BE-42C1-AFBA-D30D529D1E0E}.Debug|Any CPU.ActiveCfg = Debug|Any CPU
		{F8696993-E8BE-42C1-AFBA-D30D529D1E0E}.Debug|Any CPU.Build.0 = Debug|Any CPU
		{F8696993-E8BE-42C1-AFBA-D30D529D1E0E}.Release|Any CPU.ActiveCfg = Release|Any CPU
		{F8696993-E8BE-42C1-AFBA-D30D529D1E0E}.Release|Any CPU.Build.0 = Release|Any CPU
		{F76F9CEA-5FC9-415F-800C-D6A2DF7DB5CE}.Debug|Any CPU.ActiveCfg = Debug|Any CPU
		{F76F9CEA-5FC9-415F-800C-D6A2DF7DB5CE}.Debug|Any CPU.Build.0 = Debug|Any CPU
		{F76F9CEA-5FC9-415F-800C-D6A2DF7DB5CE}.Release|Any CPU.ActiveCfg = Release|Any CPU
		{F76F9CEA-5FC9-415F-800C-D6A2DF7DB5CE}.Release|Any CPU.Build.0 = Release|Any CPU
		{CDCCB1A3-1CFB-4EF5-B431-F1B0113A5FCD}.Debug|Any CPU.ActiveCfg = Debug|Any CPU
		{CDCCB1A3-1CFB-4EF5-B431-F1B0113A5FCD}.Debug|Any CPU.Build.0 = Debug|Any CPU
		{CDCCB1A3-1CFB-4EF5-B431-F1B0113A5FCD}.Release|Any CPU.ActiveCfg = Release|Any CPU
		{CDCCB1A3-1CFB-4EF5-B431-F1B0113A5FCD}.Release|Any CPU.Build.0 = Release|Any CPU
		{827F714F-ED44-4465-8E84-D1C3FBB3F83C}.Debug|Any CPU.ActiveCfg = Debug|Any CPU
		{827F714F-ED44-4465-8E84-D1C3FBB3F83C}.Debug|Any CPU.Build.0 = Debug|Any CPU
		{827F714F-ED44-4465-8E84-D1C3FBB3F83C}.Release|Any CPU.ActiveCfg = Release|Any CPU
		{827F714F-ED44-4465-8E84-D1C3FBB3F83C}.Release|Any CPU.Build.0 = Release|Any CPU
		{312F6B2D-2324-4FA6-90DD-E28C560E1C0D}.Debug|Any CPU.ActiveCfg = Debug|Any CPU
		{312F6B2D-2324-4FA6-90DD-E28C560E1C0D}.Debug|Any CPU.Build.0 = Debug|Any CPU
		{312F6B2D-2324-4FA6-90DD-E28C560E1C0D}.Release|Any CPU.ActiveCfg = Release|Any CPU
		{312F6B2D-2324-4FA6-90DD-E28C560E1C0D}.Release|Any CPU.Build.0 = Release|Any CPU
		{CD06976D-A2F7-414A-9727-03170E1D8DEA}.Debug|Any CPU.ActiveCfg = Debug|Any CPU
		{CD06976D-A2F7-414A-9727-03170E1D8DEA}.Debug|Any CPU.Build.0 = Debug|Any CPU
		{CD06976D-A2F7-414A-9727-03170E1D8DEA}.Release|Any CPU.ActiveCfg = Release|Any CPU
		{CD06976D-A2F7-414A-9727-03170E1D8DEA}.Release|Any CPU.Build.0 = Release|Any CPU
		{746DAD50-7835-4AB9-90A5-74571E2D2B88}.Debug|Any CPU.ActiveCfg = Debug|Any CPU
		{746DAD50-7835-4AB9-90A5-74571E2D2B88}.Debug|Any CPU.Build.0 = Debug|Any CPU
		{746DAD50-7835-4AB9-90A5-74571E2D2B88}.Release|Any CPU.ActiveCfg = Release|Any CPU
		{746DAD50-7835-4AB9-90A5-74571E2D2B88}.Release|Any CPU.Build.0 = Release|Any CPU
		{455CE810-97EF-4C2C-BE54-E0DEB326A934}.Debug|Any CPU.ActiveCfg = Debug|Any CPU
		{455CE810-97EF-4C2C-BE54-E0DEB326A934}.Debug|Any CPU.Build.0 = Debug|Any CPU
		{455CE810-97EF-4C2C-BE54-E0DEB326A934}.Release|Any CPU.ActiveCfg = Release|Any CPU
		{455CE810-97EF-4C2C-BE54-E0DEB326A934}.Release|Any CPU.Build.0 = Release|Any CPU
	EndGlobalSection
	GlobalSection(SolutionProperties) = preSolution
		HideSolutionNode = FALSE
	EndGlobalSection
	GlobalSection(NestedProjects) = preSolution
		{CAC99038-7FBD-47EE-93AC-8AF08E611D1C} = {C22FBA72-A203-492E-A492-FD3C65ADB50C}
		{46030BA8-9EDF-4134-8AAB-3C7ABF5AADDC} = {C22FBA72-A203-492E-A492-FD3C65ADB50C}
		{F8696993-E8BE-42C1-AFBA-D30D529D1E0E} = {6C7CBD35-CCB3-4CEA-8790-73A96F7CF3D5}
		{F76F9CEA-5FC9-415F-800C-D6A2DF7DB5CE} = {ABD47B7B-DF3F-43E4-ACCE-84E4F303D0BE}
		{827F714F-ED44-4465-8E84-D1C3FBB3F83C} = {6C7CBD35-CCB3-4CEA-8790-73A96F7CF3D5}
		{312F6B2D-2324-4FA6-90DD-E28C560E1C0D} = {ABD47B7B-DF3F-43E4-ACCE-84E4F303D0BE}
		{CD06976D-A2F7-414A-9727-03170E1D8DEA} = {DF6108BD-1C91-4AFB-ABB7-447D2CFB327D}
		{746DAD50-7835-4AB9-90A5-74571E2D2B88} = {ABD47B7B-DF3F-43E4-ACCE-84E4F303D0BE}
		{455CE810-97EF-4C2C-BE54-E0DEB326A934} = {7EBDE7B9-CF98-4031-80F9-9AE3DD34A0B0}
	EndGlobalSection
	GlobalSection(ExtensibilityGlobals) = postSolution
		SolutionGuid = {C3BD08C9-13AC-4F58-97C1-90BE3EE182DA}
	EndGlobalSection
EndGlobal
